
Microsoft Visual Studio Solution File, Format Version 12.00
# Visual Studio Version 16
VisualStudioVersion = 16.0.30406.217
MinimumVisualStudioVersion = 10.0.40219.1
Project("{FAE04EC0-301F-11D3-BF4B-00C04F79EFBC}") = "Care_UP", "Care_UP\Care_UP.csproj", "{C3B07E53-E3DC-4E5C-9771-66CB8728E26B}"
EndProject
Global
	GlobalSection(SolutionConfigurationPlatforms) = preSolution
		Debug|Any CPU = Debug|Any CPU
		Release|Any CPU = Release|Any CPU
	EndGlobalSection
	GlobalSection(ProjectConfigurationPlatforms) = postSolution
		{C3B07E53-E3DC-4E5C-9771-66CB8728E26B}.Debug|Any CPU.ActiveCfg = Debug|Any CPU
		{C3B07E53-E3DC-4E5C-9771-66CB8728E26B}.Debug|Any CPU.Build.0 = Debug|Any CPU
		{C3B07E53-E3DC-4E5C-9771-66CB8728E26B}.Release|Any CPU.ActiveCfg = Release|Any CPU
		{C3B07E53-E3DC-4E5C-9771-66CB8728E26B}.Release|Any CPU.Build.0 = Release|Any CPU
	EndGlobalSection
	GlobalSection(SolutionProperties) = preSolution
		HideSolutionNode = FALSE
	EndGlobalSection
	GlobalSection(ExtensibilityGlobals) = postSolution
		SolutionGuid = {B9BF1637-4953-43BF-8C5E-37C59FCAFE74}
	EndGlobalSection
EndGlobal
